
Microsoft Visual Studio Solution File, Format Version 12.00
# Visual Studio 15
VisualStudioVersion = 15.0.27703.2047
MinimumVisualStudioVersion = 10.0.40219.1
Project("{FAE04EC0-301F-11D3-BF4B-00C04F79EFBC}") = "Entidades", "Entidades\Entidades.csproj", "{DD339037-3783-40D1-B86C-F61F18002ADE}"
EndProject
Project("{FAE04EC0-301F-11D3-BF4B-00C04F79EFBC}") = "TestEntidades", "TestEntidades\TestEntidades.csproj", "{7A233DCC-F68D-49B0-A49C-B67E88DC422B}"
EndProject
Global
	GlobalSection(SolutionConfigurationPlatforms) = preSolution
		Debug|Any CPU = Debug|Any CPU
		Release|Any CPU = Release|Any CPU
	EndGlobalSection
	GlobalSection(ProjectConfigurationPlatforms) = postSolution
		{DD339037-3783-40D1-B86C-F61F18002ADE}.Debug|Any CPU.ActiveCfg = Debug|Any CPU
		{DD339037-3783-40D1-B86C-F61F18002ADE}.Debug|Any CPU.Build.0 = Debug|Any CPU
		{DD339037-3783-40D1-B86C-F61F18002ADE}.Release|Any CPU.ActiveCfg = Release|Any CPU
		{DD339037-3783-40D1-B86C-F61F18002ADE}.Release|Any CPU.Build.0 = Release|Any CPU
		{7A233DCC-F68D-49B0-A49C-B67E88DC422B}.Debug|Any CPU.ActiveCfg = Debug|Any CPU
		{7A233DCC-F68D-49B0-A49C-B67E88DC422B}.Debug|Any CPU.Build.0 = Debug|Any CPU
		{7A233DCC-F68D-49B0-A49C-B67E88DC422B}.Release|Any CPU.ActiveCfg = Release|Any CPU
		{7A233DCC-F68D-49B0-A49C-B67E88DC422B}.Release|Any CPU.Build.0 = Release|Any CPU
	EndGlobalSection
	GlobalSection(SolutionProperties) = preSolution
		HideSolutionNode = FALSE
	EndGlobalSection
	GlobalSection(ExtensibilityGlobals) = postSolution
		SolutionGuid = {C738D721-381D-4C74-9DB7-C33D74F7E17E}
	EndGlobalSection
EndGlobal
