
Microsoft Visual Studio Solution File, Format Version 12.00
# Visual Studio Version 16
VisualStudioVersion = 16.0.29020.237
MinimumVisualStudioVersion = 10.0.40219.1
Project("{FAE04EC0-301F-11D3-BF4B-00C04F79EFBC}") = "Entidades", "Entidades\Entidades.csproj", "{846B2175-0EC1-4E23-8AC9-3D2FF5E11789}"
EndProject
Project("{FAE04EC0-301F-11D3-BF4B-00C04F79EFBC}") = "VistaConsola", "VistaConsola\VistaConsola.csproj", "{2971EF16-0FF2-4AD2-B673-D8EE593FF2E6}"
EndProject
Project("{FAE04EC0-301F-11D3-BF4B-00C04F79EFBC}") = "VistaForm", "VistaForm\VistaForm.csproj", "{AD839588-7505-41A8-9438-D1947288033F}"
EndProject
Global
	GlobalSection(SolutionConfigurationPlatforms) = preSolution
		Debug|Any CPU = Debug|Any CPU
		Release|Any CPU = Release|Any CPU
	EndGlobalSection
	GlobalSection(ProjectConfigurationPlatforms) = postSolution
		{846B2175-0EC1-4E23-8AC9-3D2FF5E11789}.Debug|Any CPU.ActiveCfg = Debug|Any CPU
		{846B2175-0EC1-4E23-8AC9-3D2FF5E11789}.Debug|Any CPU.Build.0 = Debug|Any CPU
		{846B2175-0EC1-4E23-8AC9-3D2FF5E11789}.Release|Any CPU.ActiveCfg = Release|Any CPU
		{846B2175-0EC1-4E23-8AC9-3D2FF5E11789}.Release|Any CPU.Build.0 = Release|Any CPU
		{2971EF16-0FF2-4AD2-B673-D8EE593FF2E6}.Debug|Any CPU.ActiveCfg = Debug|Any CPU
		{2971EF16-0FF2-4AD2-B673-D8EE593FF2E6}.Debug|Any CPU.Build.0 = Debug|Any CPU
		{2971EF16-0FF2-4AD2-B673-D8EE593FF2E6}.Release|Any CPU.ActiveCfg = Release|Any CPU
		{2971EF16-0FF2-4AD2-B673-D8EE593FF2E6}.Release|Any CPU.Build.0 = Release|Any CPU
		{AD839588-7505-41A8-9438-D1947288033F}.Debug|Any CPU.ActiveCfg = Debug|Any CPU
		{AD839588-7505-41A8-9438-D1947288033F}.Debug|Any CPU.Build.0 = Debug|Any CPU
		{AD839588-7505-41A8-9438-D1947288033F}.Release|Any CPU.ActiveCfg = Release|Any CPU
		{AD839588-7505-41A8-9438-D1947288033F}.Release|Any CPU.Build.0 = Release|Any CPU
	EndGlobalSection
	GlobalSection(SolutionProperties) = preSolution
		HideSolutionNode = FALSE
	EndGlobalSection
	GlobalSection(ExtensibilityGlobals) = postSolution
		SolutionGuid = {AC083DD6-2A69-420D-9144-BB9DB4899FFB}
	EndGlobalSection
EndGlobal
