
Microsoft Visual Studio Solution File, Format Version 12.00
# Visual Studio Version 16
VisualStudioVersion = 16.0.29020.237
MinimumVisualStudioVersion = 10.0.40219.1
Project("{FAE04EC0-301F-11D3-BF4B-00C04F79EFBC}") = "Clase_02", "Clase_02\Clase_02.csproj", "{A36EC87E-278B-4B45-8B9F-15ED72C51B9E}"
EndProject
Project("{FAE04EC0-301F-11D3-BF4B-00C04F79EFBC}") = "MiLibreria", "MiLibreria\MiLibreria.csproj", "{4F44D310-DAF0-4692-B892-DDBEFEBB22D4}"
EndProject
Project("{FAE04EC0-301F-11D3-BF4B-00C04F79EFBC}") = "Clase_03", "Clase_03\Clase_03.csproj", "{8C72E90D-B573-4B9E-BBE5-654DEEA926D0}"
EndProject
Project("{FAE04EC0-301F-11D3-BF4B-00C04F79EFBC}") = "Clase_02.Entidades", "Clase_02.Entidades\Clase_02.Entidades.csproj", "{FB96D412-6108-4894-B20F-4D221210968A}"
EndProject
Project("{FAE04EC0-301F-11D3-BF4B-00C04F79EFBC}") = "Clase_04.Entidades", "Clase_04.Entidades\Clase_04.Entidades.csproj", "{9C421DFF-BA2F-4DA2-A199-28D1E77242F0}"
EndProject
Project("{FAE04EC0-301F-11D3-BF4B-00C04F79EFBC}") = "Clase_04", "Clase_04\Clase_04.csproj", "{8A62C827-C39D-4AE1-97F4-B8F8EB250815}"
EndProject
Project("{FAE04EC0-301F-11D3-BF4B-00C04F79EFBC}") = "Clase_01", "Clase_01\Clase_01.csproj", "{91A05B74-B7BE-452A-BEF8-EB15F0AC8C48}"
EndProject
Project("{FAE04EC0-301F-11D3-BF4B-00C04F79EFBC}") = "Clase_04.WindowsForms", "Clase_04.WindowsForms\Clase_04.WindowsForms.csproj", "{3063CDC6-89C7-454B-B866-6CEBD73913B8}"
EndProject
Project("{FAE04EC0-301F-11D3-BF4B-00C04F79EFBC}") = "Clase_05_Ejercicio", "Clase_05_Ejercicio\Clase_05_Ejercicio.csproj", "{11DED976-8A93-4365-98D1-191E5C61F270}"
EndProject
Project("{FAE04EC0-301F-11D3-BF4B-00C04F79EFBC}") = "Clase_05.Entidades", "Clase_05.Entidades\Clase_05.Entidades.csproj", "{21F439B0-A378-4835-A986-D1E3EF20FA2F}"
EndProject
Project("{FAE04EC0-301F-11D3-BF4B-00C04F79EFBC}") = "Clase_05", "Clase_05\Clase_05.csproj", "{0B2E6898-087C-4279-9497-667900BA9FBC}"
EndProject
Project("{FAE04EC0-301F-11D3-BF4B-00C04F79EFBC}") = "Clase_06.Entidades", "Clase_06.Entidades\Clase_06.Entidades.csproj", "{FC209880-1A6D-4828-9761-C35C0C50B7E0}"
EndProject
Project("{FAE04EC0-301F-11D3-BF4B-00C04F79EFBC}") = "Clase_06", "Clase_06\Clase_06.csproj", "{BA931CAB-86B5-4FBC-8DB4-13C9A5ACCD55}"
EndProject
Project("{FAE04EC0-301F-11D3-BF4B-00C04F79EFBC}") = "Clase_06.WindowsForms", "Clase_06.WindowsForms\Clase_06.WindowsForms.csproj", "{7452EE4D-BE77-4467-8A8E-C214ECD0755D}"
EndProject
Project("{FAE04EC0-301F-11D3-BF4B-00C04F79EFBC}") = "Clase_09.Entidades", "Clase_09.Entidades\Clase_09.Entidades.csproj", "{F60F42CF-5428-49C4-917B-2060DE5AA0C8}"
EndProject
Project("{FAE04EC0-301F-11D3-BF4B-00C04F79EFBC}") = "Clase_09", "Clase_09\Clase_09.csproj", "{FBEAF732-C67E-4898-A4B8-2CF13E3E134E}"
EndProject
Global
	GlobalSection(SolutionConfigurationPlatforms) = preSolution
		Debug|Any CPU = Debug|Any CPU
		Release|Any CPU = Release|Any CPU
	EndGlobalSection
	GlobalSection(ProjectConfigurationPlatforms) = postSolution
		{A36EC87E-278B-4B45-8B9F-15ED72C51B9E}.Debug|Any CPU.ActiveCfg = Debug|Any CPU
		{A36EC87E-278B-4B45-8B9F-15ED72C51B9E}.Debug|Any CPU.Build.0 = Debug|Any CPU
		{A36EC87E-278B-4B45-8B9F-15ED72C51B9E}.Release|Any CPU.ActiveCfg = Release|Any CPU
		{A36EC87E-278B-4B45-8B9F-15ED72C51B9E}.Release|Any CPU.Build.0 = Release|Any CPU
		{4F44D310-DAF0-4692-B892-DDBEFEBB22D4}.Debug|Any CPU.ActiveCfg = Debug|Any CPU
		{4F44D310-DAF0-4692-B892-DDBEFEBB22D4}.Debug|Any CPU.Build.0 = Debug|Any CPU
		{4F44D310-DAF0-4692-B892-DDBEFEBB22D4}.Release|Any CPU.ActiveCfg = Release|Any CPU
		{4F44D310-DAF0-4692-B892-DDBEFEBB22D4}.Release|Any CPU.Build.0 = Release|Any CPU
		{8C72E90D-B573-4B9E-BBE5-654DEEA926D0}.Debug|Any CPU.ActiveCfg = Debug|Any CPU
		{8C72E90D-B573-4B9E-BBE5-654DEEA926D0}.Debug|Any CPU.Build.0 = Debug|Any CPU
		{8C72E90D-B573-4B9E-BBE5-654DEEA926D0}.Release|Any CPU.ActiveCfg = Release|Any CPU
		{8C72E90D-B573-4B9E-BBE5-654DEEA926D0}.Release|Any CPU.Build.0 = Release|Any CPU
		{FB96D412-6108-4894-B20F-4D221210968A}.Debug|Any CPU.ActiveCfg = Debug|Any CPU
		{FB96D412-6108-4894-B20F-4D221210968A}.Debug|Any CPU.Build.0 = Debug|Any CPU
		{FB96D412-6108-4894-B20F-4D221210968A}.Release|Any CPU.ActiveCfg = Release|Any CPU
		{FB96D412-6108-4894-B20F-4D221210968A}.Release|Any CPU.Build.0 = Release|Any CPU
		{9C421DFF-BA2F-4DA2-A199-28D1E77242F0}.Debug|Any CPU.ActiveCfg = Debug|Any CPU
		{9C421DFF-BA2F-4DA2-A199-28D1E77242F0}.Debug|Any CPU.Build.0 = Debug|Any CPU
		{9C421DFF-BA2F-4DA2-A199-28D1E77242F0}.Release|Any CPU.ActiveCfg = Release|Any CPU
		{9C421DFF-BA2F-4DA2-A199-28D1E77242F0}.Release|Any CPU.Build.0 = Release|Any CPU
		{8A62C827-C39D-4AE1-97F4-B8F8EB250815}.Debug|Any CPU.ActiveCfg = Debug|Any CPU
		{8A62C827-C39D-4AE1-97F4-B8F8EB250815}.Debug|Any CPU.Build.0 = Debug|Any CPU
		{8A62C827-C39D-4AE1-97F4-B8F8EB250815}.Release|Any CPU.ActiveCfg = Release|Any CPU
		{8A62C827-C39D-4AE1-97F4-B8F8EB250815}.Release|Any CPU.Build.0 = Release|Any CPU
		{91A05B74-B7BE-452A-BEF8-EB15F0AC8C48}.Debug|Any CPU.ActiveCfg = Debug|Any CPU
		{91A05B74-B7BE-452A-BEF8-EB15F0AC8C48}.Debug|Any CPU.Build.0 = Debug|Any CPU
		{91A05B74-B7BE-452A-BEF8-EB15F0AC8C48}.Release|Any CPU.ActiveCfg = Release|Any CPU
		{91A05B74-B7BE-452A-BEF8-EB15F0AC8C48}.Release|Any CPU.Build.0 = Release|Any CPU
		{3063CDC6-89C7-454B-B866-6CEBD73913B8}.Debug|Any CPU.ActiveCfg = Debug|Any CPU
		{3063CDC6-89C7-454B-B866-6CEBD73913B8}.Debug|Any CPU.Build.0 = Debug|Any CPU
		{3063CDC6-89C7-454B-B866-6CEBD73913B8}.Release|Any CPU.ActiveCfg = Release|Any CPU
		{3063CDC6-89C7-454B-B866-6CEBD73913B8}.Release|Any CPU.Build.0 = Release|Any CPU
		{11DED976-8A93-4365-98D1-191E5C61F270}.Debug|Any CPU.ActiveCfg = Debug|Any CPU
		{11DED976-8A93-4365-98D1-191E5C61F270}.Debug|Any CPU.Build.0 = Debug|Any CPU
		{11DED976-8A93-4365-98D1-191E5C61F270}.Release|Any CPU.ActiveCfg = Release|Any CPU
		{11DED976-8A93-4365-98D1-191E5C61F270}.Release|Any CPU.Build.0 = Release|Any CPU
		{21F439B0-A378-4835-A986-D1E3EF20FA2F}.Debug|Any CPU.ActiveCfg = Debug|Any CPU
		{21F439B0-A378-4835-A986-D1E3EF20FA2F}.Debug|Any CPU.Build.0 = Debug|Any CPU
		{21F439B0-A378-4835-A986-D1E3EF20FA2F}.Release|Any CPU.ActiveCfg = Release|Any CPU
		{21F439B0-A378-4835-A986-D1E3EF20FA2F}.Release|Any CPU.Build.0 = Release|Any CPU
		{0B2E6898-087C-4279-9497-667900BA9FBC}.Debug|Any CPU.ActiveCfg = Debug|Any CPU
		{0B2E6898-087C-4279-9497-667900BA9FBC}.Debug|Any CPU.Build.0 = Debug|Any CPU
		{0B2E6898-087C-4279-9497-667900BA9FBC}.Release|Any CPU.ActiveCfg = Release|Any CPU
		{0B2E6898-087C-4279-9497-667900BA9FBC}.Release|Any CPU.Build.0 = Release|Any CPU
		{FC209880-1A6D-4828-9761-C35C0C50B7E0}.Debug|Any CPU.ActiveCfg = Debug|Any CPU
		{FC209880-1A6D-4828-9761-C35C0C50B7E0}.Debug|Any CPU.Build.0 = Debug|Any CPU
		{FC209880-1A6D-4828-9761-C35C0C50B7E0}.Release|Any CPU.ActiveCfg = Release|Any CPU
		{FC209880-1A6D-4828-9761-C35C0C50B7E0}.Release|Any CPU.Build.0 = Release|Any CPU
		{BA931CAB-86B5-4FBC-8DB4-13C9A5ACCD55}.Debug|Any CPU.ActiveCfg = Debug|Any CPU
		{BA931CAB-86B5-4FBC-8DB4-13C9A5ACCD55}.Debug|Any CPU.Build.0 = Debug|Any CPU
		{BA931CAB-86B5-4FBC-8DB4-13C9A5ACCD55}.Release|Any CPU.ActiveCfg = Release|Any CPU
		{BA931CAB-86B5-4FBC-8DB4-13C9A5ACCD55}.Release|Any CPU.Build.0 = Release|Any CPU
		{7452EE4D-BE77-4467-8A8E-C214ECD0755D}.Debug|Any CPU.ActiveCfg = Debug|Any CPU
		{7452EE4D-BE77-4467-8A8E-C214ECD0755D}.Debug|Any CPU.Build.0 = Debug|Any CPU
		{7452EE4D-BE77-4467-8A8E-C214ECD0755D}.Release|Any CPU.ActiveCfg = Release|Any CPU
		{7452EE4D-BE77-4467-8A8E-C214ECD0755D}.Release|Any CPU.Build.0 = Release|Any CPU
		{F60F42CF-5428-49C4-917B-2060DE5AA0C8}.Debug|Any CPU.ActiveCfg = Debug|Any CPU
		{F60F42CF-5428-49C4-917B-2060DE5AA0C8}.Debug|Any CPU.Build.0 = Debug|Any CPU
		{F60F42CF-5428-49C4-917B-2060DE5AA0C8}.Release|Any CPU.ActiveCfg = Release|Any CPU
		{F60F42CF-5428-49C4-917B-2060DE5AA0C8}.Release|Any CPU.Build.0 = Release|Any CPU
		{FBEAF732-C67E-4898-A4B8-2CF13E3E134E}.Debug|Any CPU.ActiveCfg = Debug|Any CPU
		{FBEAF732-C67E-4898-A4B8-2CF13E3E134E}.Debug|Any CPU.Build.0 = Debug|Any CPU
		{FBEAF732-C67E-4898-A4B8-2CF13E3E134E}.Release|Any CPU.ActiveCfg = Release|Any CPU
		{FBEAF732-C67E-4898-A4B8-2CF13E3E134E}.Release|Any CPU.Build.0 = Release|Any CPU
	EndGlobalSection
	GlobalSection(SolutionProperties) = preSolution
		HideSolutionNode = FALSE
	EndGlobalSection
	GlobalSection(ExtensibilityGlobals) = postSolution
		SolutionGuid = {A9804D10-24BE-4173-A39B-CED6FCFC9BA3}
	EndGlobalSection
EndGlobal
